
Microsoft Visual Studio Solution File, Format Version 11.00
# Visual Basic Express 2010
Project("{F184B08F-C81C-45F6-A57F-5ABD9991F28F}") = "Echo Client", "Echo Client\Echo Client.vbproj", "{1F3F13FE-C59C-4E63-8E85-EF3B7F8665CA}"
EndProject
Global
	GlobalSection(SolutionConfigurationPlatforms) = preSolution
		Debug|x86 = Debug|x86
		Release|x86 = Release|x86
	EndGlobalSection
	GlobalSection(ProjectConfigurationPlatforms) = postSolution
		{1F3F13FE-C59C-4E63-8E85-EF3B7F8665CA}.Debug|x86.ActiveCfg = Debug|x86
		{1F3F13FE-C59C-4E63-8E85-EF3B7F8665CA}.Debug|x86.Build.0 = Debug|x86
		{1F3F13FE-C59C-4E63-8E85-EF3B7F8665CA}.Release|x86.ActiveCfg = Release|x86
		{1F3F13FE-C59C-4E63-8E85-EF3B7F8665CA}.Release|x86.Build.0 = Release|x86
	EndGlobalSection
	GlobalSection(SolutionProperties) = preSolution
		HideSolutionNode = FALSE
	EndGlobalSection
EndGlobal
